
Microsoft Visual Studio Solution File, Format Version 12.00
# Visual Studio Version 16
VisualStudioVersion = 16.0.31205.134
MinimumVisualStudioVersion = 10.0.40219.1
Project("{9A19103F-16F7-4668-BE54-9A1E7A4F7556}") = "SirenAndSiret", "SirenAndSiret\SirenAndSiret.csproj", "{B63ABBCB-8616-4473-97BB-F2D695F84F5C}"
EndProject
Project("{9A19103F-16F7-4668-BE54-9A1E7A4F7556}") = "SirenAndSiretTests", "..\SirenAndSiretTests\SirenAndSiretTests.csproj", "{77A72DBD-51D9-42AA-A071-6FC2B4B10334}"
EndProject
Global
	GlobalSection(SolutionConfigurationPlatforms) = preSolution
		Debug|Any CPU = Debug|Any CPU
		Release|Any CPU = Release|Any CPU
	EndGlobalSection
	GlobalSection(ProjectConfigurationPlatforms) = postSolution
		{B63ABBCB-8616-4473-97BB-F2D695F84F5C}.Debug|Any CPU.ActiveCfg = Debug|Any CPU
		{B63ABBCB-8616-4473-97BB-F2D695F84F5C}.Debug|Any CPU.Build.0 = Debug|Any CPU
		{B63ABBCB-8616-4473-97BB-F2D695F84F5C}.Release|Any CPU.ActiveCfg = Release|Any CPU
		{B63ABBCB-8616-4473-97BB-F2D695F84F5C}.Release|Any CPU.Build.0 = Release|Any CPU
		{77A72DBD-51D9-42AA-A071-6FC2B4B10334}.Debug|Any CPU.ActiveCfg = Debug|Any CPU
		{77A72DBD-51D9-42AA-A071-6FC2B4B10334}.Debug|Any CPU.Build.0 = Debug|Any CPU
		{77A72DBD-51D9-42AA-A071-6FC2B4B10334}.Release|Any CPU.ActiveCfg = Release|Any CPU
		{77A72DBD-51D9-42AA-A071-6FC2B4B10334}.Release|Any CPU.Build.0 = Release|Any CPU
	EndGlobalSection
	GlobalSection(SolutionProperties) = preSolution
		HideSolutionNode = FALSE
	EndGlobalSection
	GlobalSection(ExtensibilityGlobals) = postSolution
		SolutionGuid = {9335974B-539A-4245-942E-FB17F0472153}
	EndGlobalSection
EndGlobal
